
Microsoft Visual Studio Solution File, Format Version 11.00
# Visual Studio 2010
Project("{2150E333-8FDC-42A3-9474-1A3956D46DE8}") = "BillingBC", "BillingBC", "{B96603A0-632F-4727-8F1D-811ACC8DF3BE}"
EndProject
Project("{2150E333-8FDC-42A3-9474-1A3956D46DE8}") = "AnalysisBC", "AnalysisBC", "{EF3624C1-4624-4C91-82B3-1A38BB9C5BC5}"
EndProject
Project("{FAE04EC0-301F-11D3-BF4B-00C04F79EFBC}") = "LifeMap.Billing", "src\BillingBC\app\LifeMap.Billing\LifeMap.Billing.csproj", "{2D470517-8979-4F31-96F2-F493942B52AF}"
EndProject
Project("{FAE04EC0-301F-11D3-BF4B-00C04F79EFBC}") = "LifeMap.Billing.Events", "src\BillingBC\app\LifeMap.Billing.Events\LifeMap.Billing.Events.csproj", "{95309C22-5740-4144-A5F9-9114E6B67D20}"
EndProject
Project("{2150E333-8FDC-42A3-9474-1A3956D46DE8}") = "MembershipBC", "MembershipBC", "{7A922ECC-1B83-4333-AFAD-3350203F4289}"
EndProject
Project("{FAE04EC0-301F-11D3-BF4B-00C04F79EFBC}") = "LifeMap.Membership", "src\MembershipBC\app\LifeMap.Membership\LifeMap.Membership.csproj", "{2CAF8E00-6F4D-48A6-AFE6-6D440FCE20F0}"
EndProject
Project("{FAE04EC0-301F-11D3-BF4B-00C04F79EFBC}") = "LifeMap.Membership.Events", "src\MembershipBC\app\LifeMap.Membership.Events\LifeMap.Membership.Events.csproj", "{F44FC289-5CF8-493D-8557-CEDAEA433FCA}"
EndProject
Project("{FAE04EC0-301F-11D3-BF4B-00C04F79EFBC}") = "LifeMap.Membership.Commands", "src\MembershipBC\app\LifeMap.Membership.Commands\LifeMap.Membership.Commands.csproj", "{A6E51269-3931-4619-9587-38F9DA148210}"
EndProject
Project("{FAE04EC0-301F-11D3-BF4B-00C04F79EFBC}") = "LifeMap.Common.Domain", "src\Common\LifeMap.Common.Domain\LifeMap.Common.Domain.csproj", "{DB9CB82F-4480-48AF-A65C-C550C3F4C75C}"
EndProject
Project("{FAE04EC0-301F-11D3-BF4B-00C04F79EFBC}") = "LifeMap.Membership.ViewModels", "src\MembershipBC\app\LifeMap.Membership.ViewModels\LifeMap.Membership.ViewModels.csproj", "{AE552855-D51C-45B3-8606-12C47FF7A470}"
EndProject
Project("{FAE04EC0-301F-11D3-BF4B-00C04F79EFBC}") = "LifeMap.Membership.MessageHandlers", "src\MembershipBC\app\LifeMap.Membership.MessageHandlers\LifeMap.Membership.MessageHandlers.csproj", "{40CED43A-98FF-42EF-9536-6C353F747692}"
EndProject
Project("{2150E333-8FDC-42A3-9474-1A3956D46DE8}") = "SalesBC", "SalesBC", "{9F49A751-B315-4C83-9140-1208335AFB72}"
EndProject
Project("{2150E333-8FDC-42A3-9474-1A3956D46DE8}") = "SecurityBC", "SecurityBC", "{DAAADF6C-11BC-41B1-AE45-9E9766E608DE}"
EndProject
Project("{FAE04EC0-301F-11D3-BF4B-00C04F79EFBC}") = "LifeMap.Security", "src\SecurityBC\app\LifeMap.Security\LifeMap.Security.csproj", "{4605B5B1-EB2E-4A68-B3E0-35A8867483FE}"
EndProject
Project("{FAE04EC0-301F-11D3-BF4B-00C04F79EFBC}") = "LifeMap.Security.Events", "src\SecurityBC\app\LifeMap.Security.Events\LifeMap.Security.Events.csproj", "{B2A42680-6275-43B9-8968-11BBA76374EE}"
EndProject
Project("{FAE04EC0-301F-11D3-BF4B-00C04F79EFBC}") = "LifeMap.Security.Rest", "src\SecurityBC\app\LifeMap.Security.Rest\LifeMap.Security.Rest.csproj", "{AE2F07D2-DE6F-4F8A-B50A-38FDCEDC91AE}"
EndProject
Project("{FAE04EC0-301F-11D3-BF4B-00C04F79EFBC}") = "LifeMap.Security.MessageHandlers", "src\SecurityBC\app\LifeMap.Security.MessageHandlers\LifeMap.Security.MessageHandlers.csproj", "{99E96BAF-4D83-47EF-99E7-8A57D2F57D59}"
EndProject
Project("{FAE04EC0-301F-11D3-BF4B-00C04F79EFBC}") = "LifeMap.Common.Infrastructure", "src\Common\LifeMap.Common.Infrastructure\LifeMap.Common.Infrastructure.csproj", "{B218231F-15CD-46CB-871A-F1E4C3917DC9}"
EndProject
Project("{FAE04EC0-301F-11D3-BF4B-00C04F79EFBC}") = "LifeMap.Membership.Rest", "src\MembershipBC\app\LifeMap.Membership.Rest\LifeMap.Membership.Rest.csproj", "{6D726A3C-14F8-4EA0-AFAB-BCAF404D093A}"
EndProject
Project("{FAE04EC0-301F-11D3-BF4B-00C04F79EFBC}") = "LifeMap.Security.Commands", "src\SecurityBC\app\LifeMap.Security.Commands\LifeMap.Security.Commands.csproj", "{B47CCE9E-AC0B-4911-BBED-57F9CE7E41F1}"
EndProject
Project("{FAE04EC0-301F-11D3-BF4B-00C04F79EFBC}") = "LifeMap.Membership.ViewModels.Specs", "src\MembershipBC\tests\LifeMap.Membership.ViewModels.Specs\LifeMap.Membership.ViewModels.Specs.csproj", "{F051ECE3-E80F-4E84-80A5-E05B6732CE28}"
EndProject
Project("{FAE04EC0-301F-11D3-BF4B-00C04F79EFBC}") = "LifeMap.Sales", "src\SalesBC\app\LifeMap.Sales\LifeMap.Sales.csproj", "{B9F0BE25-BA0E-4AE7-8A69-554AEC6E3C77}"
EndProject
Project("{FAE04EC0-301F-11D3-BF4B-00C04F79EFBC}") = "LifeMap.Sales.Commands", "src\SalesBC\app\LifeMap.Sales.Commands\LifeMap.Sales.Commands.csproj", "{5BC8832A-8219-4C80-AA0B-B1C69B99826E}"
EndProject
Project("{FAE04EC0-301F-11D3-BF4B-00C04F79EFBC}") = "LifeMap.Sales.Events", "src\SalesBC\app\LifeMap.Sales.Events\LifeMap.Sales.Events.csproj", "{718D0801-EABE-4124-9888-96B4073FC434}"
EndProject
Project("{FAE04EC0-301F-11D3-BF4B-00C04F79EFBC}") = "LifeMap.Sales.MessageHandlers", "src\SalesBC\app\LifeMap.Sales.MessageHandlers\LifeMap.Sales.MessageHandlers.csproj", "{346F9727-5723-4C12-9D3A-1D0ABE53DBEF}"
EndProject
Project("{FAE04EC0-301F-11D3-BF4B-00C04F79EFBC}") = "LifeMap.Sales.Rest", "src\SalesBC\app\LifeMap.Sales.Rest\LifeMap.Sales.Rest.csproj", "{570D5A3C-D1A3-4BA8-BB01-8949B0D955A6}"
EndProject
Project("{FAE04EC0-301F-11D3-BF4B-00C04F79EFBC}") = "LifeMap.Sales.ViewModels", "src\SalesBC\app\LifeMap.Sales.ViewModels\LifeMap.Sales.ViewModels.csproj", "{B6B7F403-B2FE-4682-834D-D979B9E16403}"
EndProject
Project("{FAE04EC0-301F-11D3-BF4B-00C04F79EFBC}") = "LifeMap.Analysis", "src\AnalysisBC\app\LifeMap.Analysis\LifeMap.Analysis.csproj", "{5D5439D0-C60D-4294-83B6-D02349815EE7}"
EndProject
Project("{FAE04EC0-301F-11D3-BF4B-00C04F79EFBC}") = "LifeMap.Analysis.Commands", "src\AnalysisBC\app\LifeMap.Analysis.Commands\LifeMap.Analysis.Commands.csproj", "{170C4CE4-1A4D-4DC5-9C74-48183957700D}"
EndProject
Project("{FAE04EC0-301F-11D3-BF4B-00C04F79EFBC}") = "LifeMap.Analysis.Events", "src\AnalysisBC\app\LifeMap.Analysis.Events\LifeMap.Analysis.Events.csproj", "{FA268576-61AC-4B4B-9178-E13BC46B699A}"
EndProject
Project("{FAE04EC0-301F-11D3-BF4B-00C04F79EFBC}") = "LifeMap.Analysis.MessageHandlers", "src\AnalysisBC\app\LifeMap.Analysis.MessageHandlers\LifeMap.Analysis.MessageHandlers.csproj", "{90C7624B-5CF2-460C-BC4A-59EBE311FBF8}"
EndProject
Project("{FAE04EC0-301F-11D3-BF4B-00C04F79EFBC}") = "LifeMap.Analysis.Rest", "src\AnalysisBC\app\LifeMap.Analysis.Rest\LifeMap.Analysis.Rest.csproj", "{A0DBF1A8-6ABC-4BE9-A17A-B9F4CD866D01}"
EndProject
Project("{FAE04EC0-301F-11D3-BF4B-00C04F79EFBC}") = "LifeMap.Analysis.ViewModels", "src\AnalysisBC\app\LifeMap.Analysis.ViewModels\LifeMap.Analysis.ViewModels.csproj", "{0B08888D-6C1E-41F6-9764-6E54D81C0EF4}"
EndProject
Global
	GlobalSection(SolutionConfigurationPlatforms) = preSolution
		Debug|Any CPU = Debug|Any CPU
		Release|Any CPU = Release|Any CPU
	EndGlobalSection
	GlobalSection(ProjectConfigurationPlatforms) = postSolution
		{2D470517-8979-4F31-96F2-F493942B52AF}.Debug|Any CPU.ActiveCfg = Debug|Any CPU
		{2D470517-8979-4F31-96F2-F493942B52AF}.Debug|Any CPU.Build.0 = Debug|Any CPU
		{2D470517-8979-4F31-96F2-F493942B52AF}.Release|Any CPU.ActiveCfg = Release|Any CPU
		{2D470517-8979-4F31-96F2-F493942B52AF}.Release|Any CPU.Build.0 = Release|Any CPU
		{95309C22-5740-4144-A5F9-9114E6B67D20}.Debug|Any CPU.ActiveCfg = Debug|Any CPU
		{95309C22-5740-4144-A5F9-9114E6B67D20}.Debug|Any CPU.Build.0 = Debug|Any CPU
		{95309C22-5740-4144-A5F9-9114E6B67D20}.Release|Any CPU.ActiveCfg = Release|Any CPU
		{95309C22-5740-4144-A5F9-9114E6B67D20}.Release|Any CPU.Build.0 = Release|Any CPU
		{2CAF8E00-6F4D-48A6-AFE6-6D440FCE20F0}.Debug|Any CPU.ActiveCfg = Debug|Any CPU
		{2CAF8E00-6F4D-48A6-AFE6-6D440FCE20F0}.Debug|Any CPU.Build.0 = Debug|Any CPU
		{2CAF8E00-6F4D-48A6-AFE6-6D440FCE20F0}.Release|Any CPU.ActiveCfg = Release|Any CPU
		{2CAF8E00-6F4D-48A6-AFE6-6D440FCE20F0}.Release|Any CPU.Build.0 = Release|Any CPU
		{F44FC289-5CF8-493D-8557-CEDAEA433FCA}.Debug|Any CPU.ActiveCfg = Debug|Any CPU
		{F44FC289-5CF8-493D-8557-CEDAEA433FCA}.Debug|Any CPU.Build.0 = Debug|Any CPU
		{F44FC289-5CF8-493D-8557-CEDAEA433FCA}.Release|Any CPU.ActiveCfg = Release|Any CPU
		{F44FC289-5CF8-493D-8557-CEDAEA433FCA}.Release|Any CPU.Build.0 = Release|Any CPU
		{A6E51269-3931-4619-9587-38F9DA148210}.Debug|Any CPU.ActiveCfg = Debug|Any CPU
		{A6E51269-3931-4619-9587-38F9DA148210}.Debug|Any CPU.Build.0 = Debug|Any CPU
		{A6E51269-3931-4619-9587-38F9DA148210}.Release|Any CPU.ActiveCfg = Release|Any CPU
		{A6E51269-3931-4619-9587-38F9DA148210}.Release|Any CPU.Build.0 = Release|Any CPU
		{DB9CB82F-4480-48AF-A65C-C550C3F4C75C}.Debug|Any CPU.ActiveCfg = Debug|Any CPU
		{DB9CB82F-4480-48AF-A65C-C550C3F4C75C}.Debug|Any CPU.Build.0 = Debug|Any CPU
		{DB9CB82F-4480-48AF-A65C-C550C3F4C75C}.Release|Any CPU.ActiveCfg = Release|Any CPU
		{DB9CB82F-4480-48AF-A65C-C550C3F4C75C}.Release|Any CPU.Build.0 = Release|Any CPU
		{AE552855-D51C-45B3-8606-12C47FF7A470}.Debug|Any CPU.ActiveCfg = Debug|Any CPU
		{AE552855-D51C-45B3-8606-12C47FF7A470}.Debug|Any CPU.Build.0 = Debug|Any CPU
		{AE552855-D51C-45B3-8606-12C47FF7A470}.Release|Any CPU.ActiveCfg = Release|Any CPU
		{AE552855-D51C-45B3-8606-12C47FF7A470}.Release|Any CPU.Build.0 = Release|Any CPU
		{40CED43A-98FF-42EF-9536-6C353F747692}.Debug|Any CPU.ActiveCfg = Debug|Any CPU
		{40CED43A-98FF-42EF-9536-6C353F747692}.Debug|Any CPU.Build.0 = Debug|Any CPU
		{40CED43A-98FF-42EF-9536-6C353F747692}.Release|Any CPU.ActiveCfg = Release|Any CPU
		{40CED43A-98FF-42EF-9536-6C353F747692}.Release|Any CPU.Build.0 = Release|Any CPU
		{4605B5B1-EB2E-4A68-B3E0-35A8867483FE}.Debug|Any CPU.ActiveCfg = Debug|Any CPU
		{4605B5B1-EB2E-4A68-B3E0-35A8867483FE}.Debug|Any CPU.Build.0 = Debug|Any CPU
		{4605B5B1-EB2E-4A68-B3E0-35A8867483FE}.Release|Any CPU.ActiveCfg = Release|Any CPU
		{4605B5B1-EB2E-4A68-B3E0-35A8867483FE}.Release|Any CPU.Build.0 = Release|Any CPU
		{B2A42680-6275-43B9-8968-11BBA76374EE}.Debug|Any CPU.ActiveCfg = Debug|Any CPU
		{B2A42680-6275-43B9-8968-11BBA76374EE}.Debug|Any CPU.Build.0 = Debug|Any CPU
		{B2A42680-6275-43B9-8968-11BBA76374EE}.Release|Any CPU.ActiveCfg = Release|Any CPU
		{B2A42680-6275-43B9-8968-11BBA76374EE}.Release|Any CPU.Build.0 = Release|Any CPU
		{AE2F07D2-DE6F-4F8A-B50A-38FDCEDC91AE}.Debug|Any CPU.ActiveCfg = Debug|Any CPU
		{AE2F07D2-DE6F-4F8A-B50A-38FDCEDC91AE}.Debug|Any CPU.Build.0 = Debug|Any CPU
		{AE2F07D2-DE6F-4F8A-B50A-38FDCEDC91AE}.Release|Any CPU.ActiveCfg = Release|Any CPU
		{AE2F07D2-DE6F-4F8A-B50A-38FDCEDC91AE}.Release|Any CPU.Build.0 = Release|Any CPU
		{99E96BAF-4D83-47EF-99E7-8A57D2F57D59}.Debug|Any CPU.ActiveCfg = Debug|Any CPU
		{99E96BAF-4D83-47EF-99E7-8A57D2F57D59}.Debug|Any CPU.Build.0 = Debug|Any CPU
		{99E96BAF-4D83-47EF-99E7-8A57D2F57D59}.Release|Any CPU.ActiveCfg = Release|Any CPU
		{99E96BAF-4D83-47EF-99E7-8A57D2F57D59}.Release|Any CPU.Build.0 = Release|Any CPU
		{B218231F-15CD-46CB-871A-F1E4C3917DC9}.Debug|Any CPU.ActiveCfg = Debug|Any CPU
		{B218231F-15CD-46CB-871A-F1E4C3917DC9}.Debug|Any CPU.Build.0 = Debug|Any CPU
		{B218231F-15CD-46CB-871A-F1E4C3917DC9}.Release|Any CPU.ActiveCfg = Release|Any CPU
		{B218231F-15CD-46CB-871A-F1E4C3917DC9}.Release|Any CPU.Build.0 = Release|Any CPU
		{6D726A3C-14F8-4EA0-AFAB-BCAF404D093A}.Debug|Any CPU.ActiveCfg = Debug|Any CPU
		{6D726A3C-14F8-4EA0-AFAB-BCAF404D093A}.Debug|Any CPU.Build.0 = Debug|Any CPU
		{6D726A3C-14F8-4EA0-AFAB-BCAF404D093A}.Release|Any CPU.ActiveCfg = Release|Any CPU
		{6D726A3C-14F8-4EA0-AFAB-BCAF404D093A}.Release|Any CPU.Build.0 = Release|Any CPU
		{B47CCE9E-AC0B-4911-BBED-57F9CE7E41F1}.Debug|Any CPU.ActiveCfg = Debug|Any CPU
		{B47CCE9E-AC0B-4911-BBED-57F9CE7E41F1}.Debug|Any CPU.Build.0 = Debug|Any CPU
		{B47CCE9E-AC0B-4911-BBED-57F9CE7E41F1}.Release|Any CPU.ActiveCfg = Release|Any CPU
		{B47CCE9E-AC0B-4911-BBED-57F9CE7E41F1}.Release|Any CPU.Build.0 = Release|Any CPU
		{F051ECE3-E80F-4E84-80A5-E05B6732CE28}.Debug|Any CPU.ActiveCfg = Debug|Any CPU
		{F051ECE3-E80F-4E84-80A5-E05B6732CE28}.Debug|Any CPU.Build.0 = Debug|Any CPU
		{F051ECE3-E80F-4E84-80A5-E05B6732CE28}.Release|Any CPU.ActiveCfg = Release|Any CPU
		{F051ECE3-E80F-4E84-80A5-E05B6732CE28}.Release|Any CPU.Build.0 = Release|Any CPU
		{B9F0BE25-BA0E-4AE7-8A69-554AEC6E3C77}.Debug|Any CPU.ActiveCfg = Debug|Any CPU
		{B9F0BE25-BA0E-4AE7-8A69-554AEC6E3C77}.Debug|Any CPU.Build.0 = Debug|Any CPU
		{B9F0BE25-BA0E-4AE7-8A69-554AEC6E3C77}.Release|Any CPU.ActiveCfg = Release|Any CPU
		{B9F0BE25-BA0E-4AE7-8A69-554AEC6E3C77}.Release|Any CPU.Build.0 = Release|Any CPU
		{5BC8832A-8219-4C80-AA0B-B1C69B99826E}.Debug|Any CPU.ActiveCfg = Debug|Any CPU
		{5BC8832A-8219-4C80-AA0B-B1C69B99826E}.Debug|Any CPU.Build.0 = Debug|Any CPU
		{5BC8832A-8219-4C80-AA0B-B1C69B99826E}.Release|Any CPU.ActiveCfg = Release|Any CPU
		{5BC8832A-8219-4C80-AA0B-B1C69B99826E}.Release|Any CPU.Build.0 = Release|Any CPU
		{718D0801-EABE-4124-9888-96B4073FC434}.Debug|Any CPU.ActiveCfg = Debug|Any CPU
		{718D0801-EABE-4124-9888-96B4073FC434}.Debug|Any CPU.Build.0 = Debug|Any CPU
		{718D0801-EABE-4124-9888-96B4073FC434}.Release|Any CPU.ActiveCfg = Release|Any CPU
		{718D0801-EABE-4124-9888-96B4073FC434}.Release|Any CPU.Build.0 = Release|Any CPU
		{346F9727-5723-4C12-9D3A-1D0ABE53DBEF}.Debug|Any CPU.ActiveCfg = Debug|Any CPU
		{346F9727-5723-4C12-9D3A-1D0ABE53DBEF}.Debug|Any CPU.Build.0 = Debug|Any CPU
		{346F9727-5723-4C12-9D3A-1D0ABE53DBEF}.Release|Any CPU.ActiveCfg = Release|Any CPU
		{346F9727-5723-4C12-9D3A-1D0ABE53DBEF}.Release|Any CPU.Build.0 = Release|Any CPU
		{570D5A3C-D1A3-4BA8-BB01-8949B0D955A6}.Debug|Any CPU.ActiveCfg = Debug|Any CPU
		{570D5A3C-D1A3-4BA8-BB01-8949B0D955A6}.Debug|Any CPU.Build.0 = Debug|Any CPU
		{570D5A3C-D1A3-4BA8-BB01-8949B0D955A6}.Release|Any CPU.ActiveCfg = Release|Any CPU
		{570D5A3C-D1A3-4BA8-BB01-8949B0D955A6}.Release|Any CPU.Build.0 = Release|Any CPU
		{B6B7F403-B2FE-4682-834D-D979B9E16403}.Debug|Any CPU.ActiveCfg = Debug|Any CPU
		{B6B7F403-B2FE-4682-834D-D979B9E16403}.Debug|Any CPU.Build.0 = Debug|Any CPU
		{B6B7F403-B2FE-4682-834D-D979B9E16403}.Release|Any CPU.ActiveCfg = Release|Any CPU
		{B6B7F403-B2FE-4682-834D-D979B9E16403}.Release|Any CPU.Build.0 = Release|Any CPU
		{5D5439D0-C60D-4294-83B6-D02349815EE7}.Debug|Any CPU.ActiveCfg = Debug|Any CPU
		{5D5439D0-C60D-4294-83B6-D02349815EE7}.Debug|Any CPU.Build.0 = Debug|Any CPU
		{5D5439D0-C60D-4294-83B6-D02349815EE7}.Release|Any CPU.ActiveCfg = Release|Any CPU
		{5D5439D0-C60D-4294-83B6-D02349815EE7}.Release|Any CPU.Build.0 = Release|Any CPU
		{170C4CE4-1A4D-4DC5-9C74-48183957700D}.Debug|Any CPU.ActiveCfg = Debug|Any CPU
		{170C4CE4-1A4D-4DC5-9C74-48183957700D}.Debug|Any CPU.Build.0 = Debug|Any CPU
		{170C4CE4-1A4D-4DC5-9C74-48183957700D}.Release|Any CPU.ActiveCfg = Release|Any CPU
		{170C4CE4-1A4D-4DC5-9C74-48183957700D}.Release|Any CPU.Build.0 = Release|Any CPU
		{FA268576-61AC-4B4B-9178-E13BC46B699A}.Debug|Any CPU.ActiveCfg = Debug|Any CPU
		{FA268576-61AC-4B4B-9178-E13BC46B699A}.Debug|Any CPU.Build.0 = Debug|Any CPU
		{FA268576-61AC-4B4B-9178-E13BC46B699A}.Release|Any CPU.ActiveCfg = Release|Any CPU
		{FA268576-61AC-4B4B-9178-E13BC46B699A}.Release|Any CPU.Build.0 = Release|Any CPU
		{90C7624B-5CF2-460C-BC4A-59EBE311FBF8}.Debug|Any CPU.ActiveCfg = Debug|Any CPU
		{90C7624B-5CF2-460C-BC4A-59EBE311FBF8}.Debug|Any CPU.Build.0 = Debug|Any CPU
		{90C7624B-5CF2-460C-BC4A-59EBE311FBF8}.Release|Any CPU.ActiveCfg = Release|Any CPU
		{90C7624B-5CF2-460C-BC4A-59EBE311FBF8}.Release|Any CPU.Build.0 = Release|Any CPU
		{A0DBF1A8-6ABC-4BE9-A17A-B9F4CD866D01}.Debug|Any CPU.ActiveCfg = Debug|Any CPU
		{A0DBF1A8-6ABC-4BE9-A17A-B9F4CD866D01}.Debug|Any CPU.Build.0 = Debug|Any CPU
		{A0DBF1A8-6ABC-4BE9-A17A-B9F4CD866D01}.Release|Any CPU.ActiveCfg = Release|Any CPU
		{A0DBF1A8-6ABC-4BE9-A17A-B9F4CD866D01}.Release|Any CPU.Build.0 = Release|Any CPU
		{0B08888D-6C1E-41F6-9764-6E54D81C0EF4}.Debug|Any CPU.ActiveCfg = Debug|Any CPU
		{0B08888D-6C1E-41F6-9764-6E54D81C0EF4}.Debug|Any CPU.Build.0 = Debug|Any CPU
		{0B08888D-6C1E-41F6-9764-6E54D81C0EF4}.Release|Any CPU.ActiveCfg = Release|Any CPU
		{0B08888D-6C1E-41F6-9764-6E54D81C0EF4}.Release|Any CPU.Build.0 = Release|Any CPU
	EndGlobalSection
	GlobalSection(SolutionProperties) = preSolution
		HideSolutionNode = FALSE
	EndGlobalSection
	GlobalSection(NestedProjects) = preSolution
		{2D470517-8979-4F31-96F2-F493942B52AF} = {B96603A0-632F-4727-8F1D-811ACC8DF3BE}
		{95309C22-5740-4144-A5F9-9114E6B67D20} = {B96603A0-632F-4727-8F1D-811ACC8DF3BE}
		{5D5439D0-C60D-4294-83B6-D02349815EE7} = {EF3624C1-4624-4C91-82B3-1A38BB9C5BC5}
		{170C4CE4-1A4D-4DC5-9C74-48183957700D} = {EF3624C1-4624-4C91-82B3-1A38BB9C5BC5}
		{FA268576-61AC-4B4B-9178-E13BC46B699A} = {EF3624C1-4624-4C91-82B3-1A38BB9C5BC5}
		{90C7624B-5CF2-460C-BC4A-59EBE311FBF8} = {EF3624C1-4624-4C91-82B3-1A38BB9C5BC5}
		{A0DBF1A8-6ABC-4BE9-A17A-B9F4CD866D01} = {EF3624C1-4624-4C91-82B3-1A38BB9C5BC5}
		{0B08888D-6C1E-41F6-9764-6E54D81C0EF4} = {EF3624C1-4624-4C91-82B3-1A38BB9C5BC5}
		{2CAF8E00-6F4D-48A6-AFE6-6D440FCE20F0} = {7A922ECC-1B83-4333-AFAD-3350203F4289}
		{F44FC289-5CF8-493D-8557-CEDAEA433FCA} = {7A922ECC-1B83-4333-AFAD-3350203F4289}
		{A6E51269-3931-4619-9587-38F9DA148210} = {7A922ECC-1B83-4333-AFAD-3350203F4289}
		{AE552855-D51C-45B3-8606-12C47FF7A470} = {7A922ECC-1B83-4333-AFAD-3350203F4289}
		{40CED43A-98FF-42EF-9536-6C353F747692} = {7A922ECC-1B83-4333-AFAD-3350203F4289}
		{6D726A3C-14F8-4EA0-AFAB-BCAF404D093A} = {7A922ECC-1B83-4333-AFAD-3350203F4289}
		{F051ECE3-E80F-4E84-80A5-E05B6732CE28} = {7A922ECC-1B83-4333-AFAD-3350203F4289}
		{B9F0BE25-BA0E-4AE7-8A69-554AEC6E3C77} = {9F49A751-B315-4C83-9140-1208335AFB72}
		{5BC8832A-8219-4C80-AA0B-B1C69B99826E} = {9F49A751-B315-4C83-9140-1208335AFB72}
		{718D0801-EABE-4124-9888-96B4073FC434} = {9F49A751-B315-4C83-9140-1208335AFB72}
		{346F9727-5723-4C12-9D3A-1D0ABE53DBEF} = {9F49A751-B315-4C83-9140-1208335AFB72}
		{570D5A3C-D1A3-4BA8-BB01-8949B0D955A6} = {9F49A751-B315-4C83-9140-1208335AFB72}
		{B6B7F403-B2FE-4682-834D-D979B9E16403} = {9F49A751-B315-4C83-9140-1208335AFB72}
		{4605B5B1-EB2E-4A68-B3E0-35A8867483FE} = {DAAADF6C-11BC-41B1-AE45-9E9766E608DE}
		{B2A42680-6275-43B9-8968-11BBA76374EE} = {DAAADF6C-11BC-41B1-AE45-9E9766E608DE}
		{AE2F07D2-DE6F-4F8A-B50A-38FDCEDC91AE} = {DAAADF6C-11BC-41B1-AE45-9E9766E608DE}
		{99E96BAF-4D83-47EF-99E7-8A57D2F57D59} = {DAAADF6C-11BC-41B1-AE45-9E9766E608DE}
		{B47CCE9E-AC0B-4911-BBED-57F9CE7E41F1} = {DAAADF6C-11BC-41B1-AE45-9E9766E608DE}
	EndGlobalSection
EndGlobal
